
Microsoft Visual Studio Solution File, Format Version 12.00
# Visual Studio Version 17
VisualStudioVersion = 17.14.36310.24 d17.14
MinimumVisualStudioVersion = 10.0.40219.1
Project("{FAE04EC0-301F-11D3-BF4B-00C04F79EFBC}") = "MAIA.OOP", "MAIA.OOP\MAIA.OOP.csproj", "{7A6C3252-8D00-45EB-9D14-D4CCF47EE261}"
EndProject
Global
	GlobalSection(SolutionConfigurationPlatforms) = preSolution
		Debug|Any CPU = Debug|Any CPU
		Release|Any CPU = Release|Any CPU
	EndGlobalSection
	GlobalSection(ProjectConfigurationPlatforms) = postSolution
		{7A6C3252-8D00-45EB-9D14-D4CCF47EE261}.Debug|Any CPU.ActiveCfg = Debug|Any CPU
		{7A6C3252-8D00-45EB-9D14-D4CCF47EE261}.Debug|Any CPU.Build.0 = Debug|Any CPU
		{7A6C3252-8D00-45EB-9D14-D4CCF47EE261}.Release|Any CPU.ActiveCfg = Release|Any CPU
		{7A6C3252-8D00-45EB-9D14-D4CCF47EE261}.Release|Any CPU.Build.0 = Release|Any CPU
	EndGlobalSection
	GlobalSection(SolutionProperties) = preSolution
		HideSolutionNode = FALSE
	EndGlobalSection
	GlobalSection(ExtensibilityGlobals) = postSolution
		SolutionGuid = {77C68B00-563F-48C1-9EF2-1B1BBA8B1AA2}
	EndGlobalSection
EndGlobal
